{
    "_readme": [
        "This file locks the dependencies of your project to a known state",
        "Read more about it at https://getcomposer.org/doc/01-basic-usage.md#installing-dependencies",
        "This file is @generated automatically"
    ],
    "content-hash": "42a706fe6a844f6fa274008d1e06d10b",
    "packages": [
        {
            "name": "catfan/medoo",
            "version": "v1.7.10",
            "source": {
                "type": "git",
                "url": "https://github.com/catfan/Medoo.git",
                "reference": "2d675f73e23f63bbaeb9a8aa33318659a3d3c32f"
            },
            "dist": {
                "type": "zip",
                "url": "https://api.github.com/repos/catfan/Medoo/zipball/2d675f73e23f63bbaeb9a8aa33318659a3d3c32f",
                "reference": "2d675f73e23f63bbaeb9a8aa33318659a3d3c32f",
                "shasum": ""
            },
            "require": {
                "ext-pdo": "*",
                "php": ">=5.4"
            },
            "suggest": {
                "ext-pdo_dblib": "For MSSQL or Sybase database on Linux/UNIX platform",
                "ext-pdo_mysql": "For MySQL or MariaDB database",
                "ext-pdo_oci": "For Oracle database",
                "ext-pdo_oci8": "For Oracle version 8 database",
                "ext-pdo_pqsql": "For PostgreSQL database",
                "ext-pdo_sqlite": "For SQLite database",
                "ext-pdo_sqlsrv": "For MSSQL database on both Window/Liunx platform"
            },
            "type": "framework",
            "autoload": {
                "psr-4": {
                    "Medoo\\": "/src"
                }
            },
            "notification-url": "https://packagist.org/downloads/",
            "license": [
                "MIT"
            ],
            "authors": [
                {
                    "name": "Angel Lai",
                    "email": "angel@catfan.me"
                }
            ],
            "description": "The lightweight PHP database framework to accelerate development",
            "homepage": "https://medoo.in",
            "keywords": [
                "database",
                "database library",
                "lightweight",
                "mariadb",
                "mssql",
                "mysql",
                "oracle",
                "php framework",
                "postgresql",
                "sql",
                "sqlite"
            ],
            "support": {
                "issues": "https://github.com/catfan/Medoo/issues",
                "source": "https://github.com/catfan/Medoo"
            },
            "time": "2020-02-11T08:20:42+00:00"
        },
        {
            "name": "sandfoxme/bencode",
            "version": "1.5.0",
            "source": {
                "type": "git",
                "url": "https://github.com/arokettu/bencode.git",
                "reference": "93d5b1c03349cb76388dd0d8ea046d902f338151"
            },
            "dist": {
                "type": "zip",
                "url": "https://api.github.com/repos/arokettu/bencode/zipball/93d5b1c03349cb76388dd0d8ea046d902f338151",
                "reference": "93d5b1c03349cb76388dd0d8ea046d902f338151",
                "shasum": ""
            },
            "require": {
                "php": "^7.0 | ^8.0"
            },
            "require-dev": {
                "ext-gmp": "*",
                "phpunit/phpunit": ">=6.0.0 <10",
                "psy/psysh": "*",
                "squizlabs/php_codesniffer": "*"
            },
            "suggest": {
                "ext-gmp": "In case you need integers larger than your architecture supports",
                "php-64bit": "Running 64 bit is recommended to prevent integer overflow"
            },
            "type": "library",
            "autoload": {
                "psr-4": {
                    "SandFox\\Bencode\\": "src",
                    "SandFoxMe\\Bencode\\": "legacy"
                }
            },
            "notification-url": "https://packagist.org/downloads/",
            "license": [
                "MIT"
            ],
            "authors": [
                {
                    "name": "Anton Smirnov",
                    "email": "sandfox@sandfox.me"
                }
            ],
            "description": "BitTorrent's Bencode encoder/decoder",
            "homepage": "https://sandfox.dev/php/bencode.html",
            "keywords": [
                "bencode",
                "bittorrent",
                "serialize",
                "torrent"
            ],
            "support": {
                "source": "https://github.com/arokettu/bencode/tree/1.5.0"
            },
            "time": "2021-02-03T01:52:50+00:00"
        },
        {
            "name": "swoole/ide-helper",
            "version": "dev-master",
            "source": {
                "type": "git",
                "url": "https://github.com/swoole/ide-helper.git",
                "reference": "b5a45a0fbee6ce9412b1893dfa824acb9a628d05"
            },
            "dist": {
                "type": "zip",
                "url": "https://api.github.com/repos/swoole/ide-helper/zipball/b5a45a0fbee6ce9412b1893dfa824acb9a628d05",
                "reference": "b5a45a0fbee6ce9412b1893dfa824acb9a628d05",
                "shasum": ""
            },
            "require-dev": {
                "guzzlehttp/guzzle": "~6.5.0",
                "laminas/laminas-code": "~3.4.0",
                "squizlabs/php_codesniffer": "~3.5.0",
                "symfony/filesystem": "~4.0"
            },
            "default-branch": true,
            "type": "library",
            "notification-url": "https://packagist.org/downloads/",
            "license": [
                "Apache-2.0"
            ],
            "authors": [
                {
                    "name": "Team Swoole",
                    "email": "team@swoole.com"
                }
            ],
            "description": "IDE help files for Swoole.",
            "support": {
                "issues": "https://github.com/swoole/ide-helper/issues",
                "source": "https://github.com/swoole/ide-helper/tree/master"
            },
            "time": "2021-02-01T05:29:04+00:00"
        }
    ],
    "packages-dev": [],
    "aliases": [],
    "minimum-stability": "stable",
    "stability-flags": {
        "swoole/ide-helper": 20
    },
    "prefer-stable": false,
    "prefer-lowest": false,
    "platform": {
        "ext-json": "*"
    },
    "platform-dev": [],
    "plugin-api-version": "2.0.0"
}
